{
  "name": "app",
  "version": "1.0.0",
  "lockfileVersion": 1,
  "requires": true,
  "dependencies": {
    "jsqr-es6": {
      "version": "1.2.0-3",
      "resolved": "https://registry.npmjs.org/jsqr-es6/-/jsqr-es6-1.2.0-3.tgz",
      "integrity": "sha512-A3j4av6EBnTZUyI2odwhpyqO0fQPepguSRKWEFefyU4yeKqSgfSf0/G8IAsQxS/ErnmQuW67z4hCVm0zKMHepg=="
    }
  }
}
